// !$*UTF8*$!
{
	archiveVersion = 1;
	classes = {
	};
	objectVersion = 56;
	objects = {

/* Begin PBXBuildFile section */
		0004E69C2A98178400D671C8 /* SocialProfileCollectionView.swift in Sources */ = {isa = PBXBuildFile; fileRef = 0004E69B2A98178400D671C8 /* SocialProfileCollectionView.swift */; };
		0004E69E2A9817F700D671C8 /* CollectionSection.swift in Sources */ = {isa = PBXBuildFile; fileRef = 0004E69D2A9817F700D671C8 /* CollectionSection.swift */; };
		0004E6A02A981F8700D671C8 /* ScreenSize.swift in Sources */ = {isa = PBXBuildFile; fileRef = 0004E69F2A981F8700D671C8 /* ScreenSize.swift */; };
		0004E6A22A981FFE00D671C8 /* RootView.swift in Sources */ = {isa = PBXBuildFile; fileRef = 0004E6A12A981FFE00D671C8 /* RootView.swift */; };
		0004E6A42A9833C600D671C8 /* SocialProfilePostsView.swift in Sources */ = {isa = PBXBuildFile; fileRef = 0004E6A32A9833C600D671C8 /* SocialProfilePostsView.swift */; };
		0004E6A72A99EF0E00D671C8 /* SocialSimplePostView.swift in Sources */ = {isa = PBXBuildFile; fileRef = 0004E6A62A99EF0E00D671C8 /* SocialSimplePostView.swift */; };
		0004E6AD2A9BE41000D671C8 /* CompactMediaView.swift in Sources */ = {isa = PBXBuildFile; fileRef = 0004E6AC2A9BE41000D671C8 /* CompactMediaView.swift */; };
		000E57C32A89657500BA2B1D /* SocialProfileView.swift in Sources */ = {isa = PBXBuildFile; fileRef = 000E57C22A89657500BA2B1D /* SocialProfileView.swift */; };
		0027ECD92A5B98E3001090E4 /* MediaDetailsEntryView.swift in Sources */ = {isa = PBXBuildFile; fileRef = 0027ECD82A5B98E3001090E4 /* MediaDetailsEntryView.swift */; };
		0027ECDB2A5B99C2001090E4 /* DataEntry.swift in Sources */ = {isa = PBXBuildFile; fileRef = 0027ECDA2A5B99C2001090E4 /* DataEntry.swift */; };
		002BDCE22B50C54800AAABDA /* SocialProfileSettingsView.swift in Sources */ = {isa = PBXBuildFile; fileRef = 002BDCE12B50C54800AAABDA /* SocialProfileSettingsView.swift */; };
		00316A762ABAB4F200F2B83D /* User.swift in Sources */ = {isa = PBXBuildFile; fileRef = 00316A752ABAB4F200F2B83D /* User.swift */; };
		00316A792ABAB7F200F2B83D /* OnboardingSheet.swift in Sources */ = {isa = PBXBuildFile; fileRef = 00316A782ABAB7F200F2B83D /* OnboardingSheet.swift */; };
		0035804C2B47F03100163284 /* UsernameResponse.swift in Sources */ = {isa = PBXBuildFile; fileRef = 0035804B2B47F03100163284 /* UsernameResponse.swift */; };
		003662002A56374E009FCEA8 /* PhysicalApp.swift in Sources */ = {isa = PBXBuildFile; fileRef = 003661FF2A56374E009FCEA8 /* PhysicalApp.swift */; };
		003662022A56374E009FCEA8 /* MediaCollectionView.swift in Sources */ = {isa = PBXBuildFile; fileRef = 003662012A56374E009FCEA8 /* MediaCollectionView.swift */; };
		003662042A563754009FCEA8 /* Assets.xcassets in Resources */ = {isa = PBXBuildFile; fileRef = 003662032A563754009FCEA8 /* Assets.xcassets */; };
		003662072A563754009FCEA8 /* Preview Assets.xcassets in Resources */ = {isa = PBXBuildFile; fileRef = 003662062A563754009FCEA8 /* Preview Assets.xcassets */; };
		00388C252AE4E25D00526910 /* AuthenticationError.swift in Sources */ = {isa = PBXBuildFile; fileRef = 00388C242AE4E25D00526910 /* AuthenticationError.swift */; };
		00388C272AE84DA300526910 /* KeychainError.swift in Sources */ = {isa = PBXBuildFile; fileRef = 00388C262AE84DA300526910 /* KeychainError.swift */; };
		00388C292AEA1B6700526910 /* Credentials.swift in Sources */ = {isa = PBXBuildFile; fileRef = 00388C282AEA1B6700526910 /* Credentials.swift */; };
		003BC1DB2A6F455900E16A9F /* HapticsViewExtension.swift in Sources */ = {isa = PBXBuildFile; fileRef = 003BC1DA2A6F455900E16A9F /* HapticsViewExtension.swift */; };
		003DB82F2A7B4E2B004192C2 /* ImageRequest.swift in Sources */ = {isa = PBXBuildFile; fileRef = 003DB82E2A7B4E2B004192C2 /* ImageRequest.swift */; };
		004A97002B58D8B70033BF69 /* PhysicalAPI.swift in Sources */ = {isa = PBXBuildFile; fileRef = 004A96FF2B58D8B70033BF69 /* PhysicalAPI.swift */; };
		0058BF592A9DD8BF002696A0 /* SocialListPostView.swift in Sources */ = {isa = PBXBuildFile; fileRef = 0058BF582A9DD8BE002696A0 /* SocialListPostView.swift */; };
		005CDDD22A8F67EF00CE9A1F /* FeaturedMediaView.swift in Sources */ = {isa = PBXBuildFile; fileRef = 005CDDD12A8F67EF00CE9A1F /* FeaturedMediaView.swift */; };
		005F4AF02A9C6784004E8E39 /* SocialPostBottomBar.swift in Sources */ = {isa = PBXBuildFile; fileRef = 005F4AEF2A9C6784004E8E39 /* SocialPostBottomBar.swift */; };
		0069F29E2AE0BAE30084147E /* AuthenticationManager.swift in Sources */ = {isa = PBXBuildFile; fileRef = 0069F29D2AE0BAE30084147E /* AuthenticationManager.swift */; };
		0069F2A02AE131820084147E /* AuthenticationRequest.swift in Sources */ = {isa = PBXBuildFile; fileRef = 0069F29F2AE131820084147E /* AuthenticationRequest.swift */; };
		006EAB572D4ECD41005036DF /* ShinyViewExtension.swift in Sources */ = {isa = PBXBuildFile; fileRef = 006EAB562D4ECD3C005036DF /* ShinyViewExtension.swift */; };
		006EAB592D4ECD82005036DF /* Gradient.swift in Sources */ = {isa = PBXBuildFile; fileRef = 006EAB582D4ECD80005036DF /* Gradient.swift */; };
		00718B732AFC36B00063F161 /* OnboardingSignUpView.swift in Sources */ = {isa = PBXBuildFile; fileRef = 00718B722AFC36B00063F161 /* OnboardingSignUpView.swift */; };
		00718B752AFC5BCC0063F161 /* UserInputRequiredView.swift in Sources */ = {isa = PBXBuildFile; fileRef = 00718B742AFC5BCC0063F161 /* UserInputRequiredView.swift */; };
		00783FC82B3430BF00E4AE45 /* UserAccountManager.swift in Sources */ = {isa = PBXBuildFile; fileRef = 00783FC72B3430BF00E4AE45 /* UserAccountManager.swift */; };
		00783FCD2B34338A00E4AE45 /* UserAccountRequest.swift in Sources */ = {isa = PBXBuildFile; fileRef = 00783FCC2B34338A00E4AE45 /* UserAccountRequest.swift */; };
		00783FCF2B34362F00E4AE45 /* UserAccountError.swift in Sources */ = {isa = PBXBuildFile; fileRef = 00783FCE2B34362F00E4AE45 /* UserAccountError.swift */; };
		007C0FB82A8C1BA700AD9C2D /* VariableBlurImageBackgroundViewModifier.swift in Sources */ = {isa = PBXBuildFile; fileRef = 007C0FB72A8C1BA700AD9C2D /* VariableBlurImageBackgroundViewModifier.swift */; };
		007C0FBC2A8C41B400AD9C2D /* VariableBlurNavigationBackgroundViewModifier.swift in Sources */ = {isa = PBXBuildFile; fileRef = 007C0FBB2A8C41B400AD9C2D /* VariableBlurNavigationBackgroundViewModifier.swift */; };
		007C0FC52A8D363600AD9C2D /* SampleCollection.swift in Sources */ = {isa = PBXBuildFile; fileRef = 007C0FC42A8D363600AD9C2D /* SampleCollection.swift */; };
		007C0FC72A8D399A00AD9C2D /* PreviewSampleData.swift in Sources */ = {isa = PBXBuildFile; fileRef = 007C0FC62A8D399A00AD9C2D /* PreviewSampleData.swift */; };
		0088FEC72A5A09BC00FEAF8B /* Media.swift in Sources */ = {isa = PBXBuildFile; fileRef = 0088FEC62A5A09BC00FEAF8B /* Media.swift */; };
		008B64802A6A165F00586C69 /* MusicGenres.swift in Sources */ = {isa = PBXBuildFile; fileRef = 008B647F2A6A165F00586C69 /* MusicGenres.swift */; };
		008B64822A6A1E8A00586C69 /* GenreSelectionView.swift in Sources */ = {isa = PBXBuildFile; fileRef = 008B64812A6A1E8A00586C69 /* GenreSelectionView.swift */; };
		00932C4A2A6E6543004AFE1D /* CroppedImagePicker.swift in Sources */ = {isa = PBXBuildFile; fileRef = 00932C492A6E6543004AFE1D /* CroppedImagePicker.swift */; };
		00968EEF2B2E646B00CE0150 /* AlbumArtView.swift in Sources */ = {isa = PBXBuildFile; fileRef = 00968EEE2B2E646B00CE0150 /* AlbumArtView.swift */; };
		009794582D9C8FB700839146 /* testView.swift in Sources */ = {isa = PBXBuildFile; fileRef = 009794572D9C8FB700839146 /* testView.swift */; };
		009A57C92A609346000EF6F8 /* AddMediaView.swift in Sources */ = {isa = PBXBuildFile; fileRef = 009A57C82A609346000EF6F8 /* AddMediaView.swift */; };
		009A57CB2A609BB6000EF6F8 /* ListItemLabel.swift in Sources */ = {isa = PBXBuildFile; fileRef = 009A57CA2A609BB6000EF6F8 /* ListItemLabel.swift */; };
		009C01402A6A437E0039CEA2 /* MediaNotesEntryView.swift in Sources */ = {isa = PBXBuildFile; fileRef = 009C013F2A6A437E0039CEA2 /* MediaNotesEntryView.swift */; };
		00A8139A2A7B1BA300596620 /* ImageCache.swift in Sources */ = {isa = PBXBuildFile; fileRef = 00A813992A7B1BA300596620 /* ImageCache.swift */; };
		00A8139D2A7B2E8E00596620 /* ImageManager.swift in Sources */ = {isa = PBXBuildFile; fileRef = 00A8139C2A7B2E8E00596620 /* ImageManager.swift */; };
		00A8139F2A7B36AB00596620 /* README.md in Resources */ = {isa = PBXBuildFile; fileRef = 00A8139E2A7B36AB00596620 /* README.md */; };
		00BBEED12A7C56180078F0B1 /* NetworkError.swift in Sources */ = {isa = PBXBuildFile; fileRef = 00BBEED02A7C56180078F0B1 /* NetworkError.swift */; };
		00BBEED32A7C61E10078F0B1 /* HTTPSRequest.swift in Sources */ = {isa = PBXBuildFile; fileRef = 00BBEED22A7C61E10078F0B1 /* HTTPSRequest.swift */; };
		00C57DB72A6C88A7000DDBD3 /* Collection.swift in Sources */ = {isa = PBXBuildFile; fileRef = 00C57DB62A6C88A7000DDBD3 /* Collection.swift */; };
		00CFE3B42A6531BB004BE57E /* SearchResultListItem.swift in Sources */ = {isa = PBXBuildFile; fileRef = 00CFE3B32A6531BB004BE57E /* SearchResultListItem.swift */; };
		00CFE3B62A65E208004BE57E /* MediaImageView.swift in Sources */ = {isa = PBXBuildFile; fileRef = 00CFE3B52A65E208004BE57E /* MediaImageView.swift */; };
		00CFE3B82A65E261004BE57E /* ReflectionViewModifier.swift in Sources */ = {isa = PBXBuildFile; fileRef = 00CFE3B72A65E261004BE57E /* ReflectionViewModifier.swift */; };
		00DBFDAD2AD9E6BC00ABF8C2 /* StorageKeys.swift in Sources */ = {isa = PBXBuildFile; fileRef = 00DBFDAC2AD9E6BC00ABF8C2 /* StorageKeys.swift */; };
		00DBFDB12AD9EB2400ABF8C2 /* SocialView.swift in Sources */ = {isa = PBXBuildFile; fileRef = 00DBFDB02AD9EB2400ABF8C2 /* SocialView.swift */; };
		00DBFDB32AD9ECBB00ABF8C2 /* NoAccountView.swift in Sources */ = {isa = PBXBuildFile; fileRef = 00DBFDB22AD9ECBB00ABF8C2 /* NoAccountView.swift */; };
		00DEC2692A613F3800353643 /* ImagePicker.swift in Sources */ = {isa = PBXBuildFile; fileRef = 00DEC2682A613F3800353643 /* ImagePicker.swift */; };
		00E4D2DB2D9DD436000E89F5 /* MediaAddedNotificationView.swift in Sources */ = {isa = PBXBuildFile; fileRef = 00E4D2DA2D9DD436000E89F5 /* MediaAddedNotificationView.swift */; };
		00E4D2DE2DA0DDC3000E89F5 /* AlbumArtBackgroundView.swift in Sources */ = {isa = PBXBuildFile; fileRef = 00E4D2DD2DA0DDC3000E89F5 /* AlbumArtBackgroundView.swift */; };
		00EA18722DF8E5BD00CB2E78 /* Physical App Icon.icon in Resources */ = {isa = PBXBuildFile; fileRef = 00EA18712DF8E5BD00CB2E78 /* Physical App Icon.icon */; };
		00EE2D5E2B2C0377006D7DA9 /* BarcodeScanningView.swift in Sources */ = {isa = PBXBuildFile; fileRef = 00EE2D5D2B2C0377006D7DA9 /* BarcodeScanningView.swift */; };
		00EE2D602B2C03F9006D7DA9 /* BarcodeScanningViewController.swift in Sources */ = {isa = PBXBuildFile; fileRef = 00EE2D5F2B2C03F9006D7DA9 /* BarcodeScanningViewController.swift */; };
		00EE2D622B2C20D4006D7DA9 /* BarcodeSearchResultView.swift in Sources */ = {isa = PBXBuildFile; fileRef = 00EE2D612B2C20D3006D7DA9 /* BarcodeSearchResultView.swift */; };
		00EE2D662B2C3F1D006D7DA9 /* BarcodeScanAlbumSearchView.swift in Sources */ = {isa = PBXBuildFile; fileRef = 00EE2D652B2C3F1D006D7DA9 /* BarcodeScanAlbumSearchView.swift */; };
		00F1F10E2A8056850045C76B /* OwnershipPicker.swift in Sources */ = {isa = PBXBuildFile; fileRef = 00F1F10D2A8056850045C76B /* OwnershipPicker.swift */; };
		00F5FBB82A69110600FCAA61 /* MediaDetailView.swift in Sources */ = {isa = PBXBuildFile; fileRef = 00F5FBB72A69110600FCAA61 /* MediaDetailView.swift */; };
		00F5FBBA2A69156C00FCAA61 /* Motion.swift in Sources */ = {isa = PBXBuildFile; fileRef = 00F5FBB92A69156C00FCAA61 /* Motion.swift */; };
		00F5FBBC2A691DA000FCAA61 /* FloatingViewModifier.swift in Sources */ = {isa = PBXBuildFile; fileRef = 00F5FBBB2A691DA000FCAA61 /* FloatingViewModifier.swift */; };
		00F810712A66779800D0EAEA /* MediaImageCarousel.swift in Sources */ = {isa = PBXBuildFile; fileRef = 00F810702A66779800D0EAEA /* MediaImageCarousel.swift */; };
		00F810862A669DD700D0EAEA /* MediaThumbnail.swift in Sources */ = {isa = PBXBuildFile; fileRef = 00F810852A669DD700D0EAEA /* MediaThumbnail.swift */; };
/* End PBXBuildFile section */

/* Begin PBXFileReference section */
		0004E69B2A98178400D671C8 /* SocialProfileCollectionView.swift */ = {isa = PBXFileReference; lastKnownFileType = sourcecode.swift; path = SocialProfileCollectionView.swift; sourceTree = "<group>"; };
		0004E69D2A9817F700D671C8 /* CollectionSection.swift */ = {isa = PBXFileReference; lastKnownFileType = sourcecode.swift; path = CollectionSection.swift; sourceTree = "<group>"; };
		0004E69F2A981F8700D671C8 /* ScreenSize.swift */ = {isa = PBXFileReference; lastKnownFileType = sourcecode.swift; path = ScreenSize.swift; sourceTree = "<group>"; };
		0004E6A12A981FFE00D671C8 /* RootView.swift */ = {isa = PBXFileReference; lastKnownFileType = sourcecode.swift; path = RootView.swift; sourceTree = "<group>"; };
		0004E6A32A9833C600D671C8 /* SocialProfilePostsView.swift */ = {isa = PBXFileReference; lastKnownFileType = sourcecode.swift; path = SocialProfilePostsView.swift; sourceTree = "<group>"; };
		0004E6A62A99EF0E00D671C8 /* SocialSimplePostView.swift */ = {isa = PBXFileReference; lastKnownFileType = sourcecode.swift; path = SocialSimplePostView.swift; sourceTree = "<group>"; };
		0004E6AC2A9BE41000D671C8 /* CompactMediaView.swift */ = {isa = PBXFileReference; lastKnownFileType = sourcecode.swift; path = CompactMediaView.swift; sourceTree = "<group>"; };
		000E57C22A89657500BA2B1D /* SocialProfileView.swift */ = {isa = PBXFileReference; lastKnownFileType = sourcecode.swift; path = SocialProfileView.swift; sourceTree = "<group>"; };
		0027ECD82A5B98E3001090E4 /* MediaDetailsEntryView.swift */ = {isa = PBXFileReference; lastKnownFileType = sourcecode.swift; path = MediaDetailsEntryView.swift; sourceTree = "<group>"; };
		0027ECDA2A5B99C2001090E4 /* DataEntry.swift */ = {isa = PBXFileReference; lastKnownFileType = sourcecode.swift; path = DataEntry.swift; sourceTree = "<group>"; };
		002BDCE12B50C54800AAABDA /* SocialProfileSettingsView.swift */ = {isa = PBXFileReference; lastKnownFileType = sourcecode.swift; path = SocialProfileSettingsView.swift; sourceTree = "<group>"; };
		00316A752ABAB4F200F2B83D /* User.swift */ = {isa = PBXFileReference; lastKnownFileType = sourcecode.swift; path = User.swift; sourceTree = "<group>"; };
		00316A782ABAB7F200F2B83D /* OnboardingSheet.swift */ = {isa = PBXFileReference; lastKnownFileType = sourcecode.swift; path = OnboardingSheet.swift; sourceTree = "<group>"; };
		0035804B2B47F03100163284 /* UsernameResponse.swift */ = {isa = PBXFileReference; lastKnownFileType = sourcecode.swift; path = UsernameResponse.swift; sourceTree = "<group>"; };
		003661FC2A56374E009FCEA8 /* Physical.app */ = {isa = PBXFileReference; explicitFileType = wrapper.application; includeInIndex = 0; path = Physical.app; sourceTree = BUILT_PRODUCTS_DIR; };
		003661FF2A56374E009FCEA8 /* PhysicalApp.swift */ = {isa = PBXFileReference; lastKnownFileType = sourcecode.swift; path = PhysicalApp.swift; sourceTree = "<group>"; };
		003662012A56374E009FCEA8 /* MediaCollectionView.swift */ = {isa = PBXFileReference; lastKnownFileType = sourcecode.swift; path = MediaCollectionView.swift; sourceTree = "<group>"; };
		003662032A563754009FCEA8 /* Assets.xcassets */ = {isa = PBXFileReference; lastKnownFileType = folder.assetcatalog; path = Assets.xcassets; sourceTree = "<group>"; };
		003662062A563754009FCEA8 /* Preview Assets.xcassets */ = {isa = PBXFileReference; lastKnownFileType = folder.assetcatalog; path = "Preview Assets.xcassets"; sourceTree = "<group>"; };
		00388C242AE4E25D00526910 /* AuthenticationError.swift */ = {isa = PBXFileReference; lastKnownFileType = sourcecode.swift; path = AuthenticationError.swift; sourceTree = "<group>"; };
		00388C262AE84DA300526910 /* KeychainError.swift */ = {isa = PBXFileReference; lastKnownFileType = sourcecode.swift; path = KeychainError.swift; sourceTree = "<group>"; };
		00388C282AEA1B6700526910 /* Credentials.swift */ = {isa = PBXFileReference; lastKnownFileType = sourcecode.swift; path = Credentials.swift; sourceTree = "<group>"; };
		003BC1DA2A6F455900E16A9F /* HapticsViewExtension.swift */ = {isa = PBXFileReference; lastKnownFileType = sourcecode.swift; path = HapticsViewExtension.swift; sourceTree = "<group>"; };
		003DB82E2A7B4E2B004192C2 /* ImageRequest.swift */ = {isa = PBXFileReference; lastKnownFileType = sourcecode.swift; path = ImageRequest.swift; sourceTree = "<group>"; };
		004A96FF2B58D8B70033BF69 /* PhysicalAPI.swift */ = {isa = PBXFileReference; fileEncoding = 4; lastKnownFileType = sourcecode.swift; path = PhysicalAPI.swift; sourceTree = "<group>"; };
		0058BF582A9DD8BE002696A0 /* SocialListPostView.swift */ = {isa = PBXFileReference; lastKnownFileType = sourcecode.swift; path = SocialListPostView.swift; sourceTree = "<group>"; };
		005CDDD12A8F67EF00CE9A1F /* FeaturedMediaView.swift */ = {isa = PBXFileReference; lastKnownFileType = sourcecode.swift; path = FeaturedMediaView.swift; sourceTree = "<group>"; };
		005F4AEF2A9C6784004E8E39 /* SocialPostBottomBar.swift */ = {isa = PBXFileReference; lastKnownFileType = sourcecode.swift; path = SocialPostBottomBar.swift; sourceTree = "<group>"; };
		006405A32AD9240800275213 /* Physical.entitlements */ = {isa = PBXFileReference; lastKnownFileType = text.plist.entitlements; path = Physical.entitlements; sourceTree = "<group>"; };
		0069F29D2AE0BAE30084147E /* AuthenticationManager.swift */ = {isa = PBXFileReference; lastKnownFileType = sourcecode.swift; path = AuthenticationManager.swift; sourceTree = "<group>"; };
		0069F29F2AE131820084147E /* AuthenticationRequest.swift */ = {isa = PBXFileReference; lastKnownFileType = sourcecode.swift; path = AuthenticationRequest.swift; sourceTree = "<group>"; };
		006EAB562D4ECD3C005036DF /* ShinyViewExtension.swift */ = {isa = PBXFileReference; lastKnownFileType = sourcecode.swift; path = ShinyViewExtension.swift; sourceTree = "<group>"; };
		006EAB582D4ECD80005036DF /* Gradient.swift */ = {isa = PBXFileReference; lastKnownFileType = sourcecode.swift; path = Gradient.swift; sourceTree = "<group>"; };
		00718B722AFC36B00063F161 /* OnboardingSignUpView.swift */ = {isa = PBXFileReference; lastKnownFileType = sourcecode.swift; path = OnboardingSignUpView.swift; sourceTree = "<group>"; };
		00718B742AFC5BCC0063F161 /* UserInputRequiredView.swift */ = {isa = PBXFileReference; lastKnownFileType = sourcecode.swift; name = UserInputRequiredView.swift; path = Physical/Views/Common/UserInputRequiredView.swift; sourceTree = SOURCE_ROOT; };
		00783FC72B3430BF00E4AE45 /* UserAccountManager.swift */ = {isa = PBXFileReference; lastKnownFileType = sourcecode.swift; path = UserAccountManager.swift; sourceTree = "<group>"; };
		00783FCC2B34338A00E4AE45 /* UserAccountRequest.swift */ = {isa = PBXFileReference; lastKnownFileType = sourcecode.swift; path = UserAccountRequest.swift; sourceTree = "<group>"; };
		00783FCE2B34362F00E4AE45 /* UserAccountError.swift */ = {isa = PBXFileReference; lastKnownFileType = sourcecode.swift; path = UserAccountError.swift; sourceTree = "<group>"; };
		007C0FB72A8C1BA700AD9C2D /* VariableBlurImageBackgroundViewModifier.swift */ = {isa = PBXFileReference; lastKnownFileType = sourcecode.swift; path = VariableBlurImageBackgroundViewModifier.swift; sourceTree = "<group>"; };
		007C0FBB2A8C41B400AD9C2D /* VariableBlurNavigationBackgroundViewModifier.swift */ = {isa = PBXFileReference; lastKnownFileType = sourcecode.swift; path = VariableBlurNavigationBackgroundViewModifier.swift; sourceTree = "<group>"; };
		007C0FC42A8D363600AD9C2D /* SampleCollection.swift */ = {isa = PBXFileReference; lastKnownFileType = sourcecode.swift; path = SampleCollection.swift; sourceTree = "<group>"; };
		007C0FC62A8D399A00AD9C2D /* PreviewSampleData.swift */ = {isa = PBXFileReference; lastKnownFileType = sourcecode.swift; path = PreviewSampleData.swift; sourceTree = "<group>"; };
		0088FEC62A5A09BC00FEAF8B /* Media.swift */ = {isa = PBXFileReference; lastKnownFileType = sourcecode.swift; path = Media.swift; sourceTree = "<group>"; };
		008B647F2A6A165F00586C69 /* MusicGenres.swift */ = {isa = PBXFileReference; lastKnownFileType = sourcecode.swift; path = MusicGenres.swift; sourceTree = "<group>"; };
		008B64812A6A1E8A00586C69 /* GenreSelectionView.swift */ = {isa = PBXFileReference; lastKnownFileType = sourcecode.swift; path = GenreSelectionView.swift; sourceTree = "<group>"; };
		00932C492A6E6543004AFE1D /* CroppedImagePicker.swift */ = {isa = PBXFileReference; lastKnownFileType = sourcecode.swift; path = CroppedImagePicker.swift; sourceTree = "<group>"; };
		00968EEE2B2E646B00CE0150 /* AlbumArtView.swift */ = {isa = PBXFileReference; lastKnownFileType = sourcecode.swift; path = AlbumArtView.swift; sourceTree = "<group>"; };
		009794572D9C8FB700839146 /* testView.swift */ = {isa = PBXFileReference; lastKnownFileType = sourcecode.swift; path = testView.swift; sourceTree = "<group>"; };
		009A57C82A609346000EF6F8 /* AddMediaView.swift */ = {isa = PBXFileReference; lastKnownFileType = sourcecode.swift; path = AddMediaView.swift; sourceTree = "<group>"; };
		009A57CA2A609BB6000EF6F8 /* ListItemLabel.swift */ = {isa = PBXFileReference; lastKnownFileType = sourcecode.swift; path = ListItemLabel.swift; sourceTree = "<group>"; };
		009C013F2A6A437E0039CEA2 /* MediaNotesEntryView.swift */ = {isa = PBXFileReference; lastKnownFileType = sourcecode.swift; path = MediaNotesEntryView.swift; sourceTree = "<group>"; };
		00A813992A7B1BA300596620 /* ImageCache.swift */ = {isa = PBXFileReference; lastKnownFileType = sourcecode.swift; path = ImageCache.swift; sourceTree = "<group>"; };
		00A8139C2A7B2E8E00596620 /* ImageManager.swift */ = {isa = PBXFileReference; lastKnownFileType = sourcecode.swift; path = ImageManager.swift; sourceTree = "<group>"; };
		00A8139E2A7B36AB00596620 /* README.md */ = {isa = PBXFileReference; lastKnownFileType = net.daringfireball.markdown; path = README.md; sourceTree = "<group>"; };
		00BBEED02A7C56180078F0B1 /* NetworkError.swift */ = {isa = PBXFileReference; lastKnownFileType = sourcecode.swift; path = NetworkError.swift; sourceTree = "<group>"; };
		00BBEED22A7C61E10078F0B1 /* HTTPSRequest.swift */ = {isa = PBXFileReference; lastKnownFileType = sourcecode.swift; path = HTTPSRequest.swift; sourceTree = "<group>"; };
		00C57DB62A6C88A7000DDBD3 /* Collection.swift */ = {isa = PBXFileReference; lastKnownFileType = sourcecode.swift; path = Collection.swift; sourceTree = "<group>"; };
		00CFE3B32A6531BB004BE57E /* SearchResultListItem.swift */ = {isa = PBXFileReference; lastKnownFileType = sourcecode.swift; path = SearchResultListItem.swift; sourceTree = "<group>"; };
		00CFE3B52A65E208004BE57E /* MediaImageView.swift */ = {isa = PBXFileReference; lastKnownFileType = sourcecode.swift; path = MediaImageView.swift; sourceTree = "<group>"; };
		00CFE3B72A65E261004BE57E /* ReflectionViewModifier.swift */ = {isa = PBXFileReference; lastKnownFileType = sourcecode.swift; path = ReflectionViewModifier.swift; sourceTree = "<group>"; };
		00DBFDAC2AD9E6BC00ABF8C2 /* StorageKeys.swift */ = {isa = PBXFileReference; lastKnownFileType = sourcecode.swift; path = StorageKeys.swift; sourceTree = "<group>"; };
		00DBFDB02AD9EB2400ABF8C2 /* SocialView.swift */ = {isa = PBXFileReference; lastKnownFileType = sourcecode.swift; path = SocialView.swift; sourceTree = "<group>"; };
		00DBFDB22AD9ECBB00ABF8C2 /* NoAccountView.swift */ = {isa = PBXFileReference; lastKnownFileType = sourcecode.swift; path = NoAccountView.swift; sourceTree = "<group>"; };
		00DEC2682A613F3800353643 /* ImagePicker.swift */ = {isa = PBXFileReference; lastKnownFileType = sourcecode.swift; path = ImagePicker.swift; sourceTree = "<group>"; };
		00E4D2DA2D9DD436000E89F5 /* MediaAddedNotificationView.swift */ = {isa = PBXFileReference; lastKnownFileType = sourcecode.swift; path = MediaAddedNotificationView.swift; sourceTree = "<group>"; };
		00E4D2DD2DA0DDC3000E89F5 /* AlbumArtBackgroundView.swift */ = {isa = PBXFileReference; lastKnownFileType = sourcecode.swift; path = AlbumArtBackgroundView.swift; sourceTree = "<group>"; };
		00EA18712DF8E5BD00CB2E78 /* Physical App Icon.icon */ = {isa = PBXFileReference; lastKnownFileType = folder.iconcomposer.icon; path = "Physical App Icon.icon"; sourceTree = "<group>"; };
		00EE2D5D2B2C0377006D7DA9 /* BarcodeScanningView.swift */ = {isa = PBXFileReference; lastKnownFileType = sourcecode.swift; path = BarcodeScanningView.swift; sourceTree = "<group>"; };
		00EE2D5F2B2C03F9006D7DA9 /* BarcodeScanningViewController.swift */ = {isa = PBXFileReference; lastKnownFileType = sourcecode.swift; path = BarcodeScanningViewController.swift; sourceTree = "<group>"; };
		00EE2D612B2C20D3006D7DA9 /* BarcodeSearchResultView.swift */ = {isa = PBXFileReference; lastKnownFileType = sourcecode.swift; path = BarcodeSearchResultView.swift; sourceTree = "<group>"; };
		00EE2D652B2C3F1D006D7DA9 /* BarcodeScanAlbumSearchView.swift */ = {isa = PBXFileReference; lastKnownFileType = sourcecode.swift; path = BarcodeScanAlbumSearchView.swift; sourceTree = "<group>"; };
		00F1F10D2A8056850045C76B /* OwnershipPicker.swift */ = {isa = PBXFileReference; lastKnownFileType = sourcecode.swift; path = OwnershipPicker.swift; sourceTree = "<group>"; };
		00F5FBB72A69110600FCAA61 /* MediaDetailView.swift */ = {isa = PBXFileReference; lastKnownFileType = sourcecode.swift; path = MediaDetailView.swift; sourceTree = "<group>"; };
		00F5FBB92A69156C00FCAA61 /* Motion.swift */ = {isa = PBXFileReference; lastKnownFileType = sourcecode.swift; path = Motion.swift; sourceTree = "<group>"; };
		00F5FBBB2A691DA000FCAA61 /* FloatingViewModifier.swift */ = {isa = PBXFileReference; lastKnownFileType = sourcecode.swift; path = FloatingViewModifier.swift; sourceTree = "<group>"; };
		00F810702A66779800D0EAEA /* MediaImageCarousel.swift */ = {isa = PBXFileReference; lastKnownFileType = sourcecode.swift; path = MediaImageCarousel.swift; sourceTree = "<group>"; };
		00F810852A669DD700D0EAEA /* MediaThumbnail.swift */ = {isa = PBXFileReference; lastKnownFileType = sourcecode.swift; path = MediaThumbnail.swift; sourceTree = "<group>"; };
/* End PBXFileReference section */

/* Begin PBXFrameworksBuildPhase section */
		003661F92A56374E009FCEA8 /* Frameworks */ = {
			isa = PBXFrameworksBuildPhase;
			buildActionMask = 2147483647;
			files = (
			);
			runOnlyForDeploymentPostprocessing = 0;
		};
/* End PBXFrameworksBuildPhase section */

/* Begin PBXGroup section */
		0004E6A82A99F04700D671C8 /* View Modifiers */ = {
			isa = PBXGroup;
			children = (
				007C0FB72A8C1BA700AD9C2D /* VariableBlurImageBackgroundViewModifier.swift */,
				007C0FBB2A8C41B400AD9C2D /* VariableBlurNavigationBackgroundViewModifier.swift */,
				00F5FBBB2A691DA000FCAA61 /* FloatingViewModifier.swift */,
				00CFE3B72A65E261004BE57E /* ReflectionViewModifier.swift */,
				006EAB562D4ECD3C005036DF /* ShinyViewExtension.swift */,
			);
			path = "View Modifiers";
			sourceTree = "<group>";
		};
		0004E6A92A99F1BA00D671C8 /* Social Posts */ = {
			isa = PBXGroup;
			children = (
				0004E6A62A99EF0E00D671C8 /* SocialSimplePostView.swift */,
				0058BF582A9DD8BE002696A0 /* SocialListPostView.swift */,
				005F4AEE2A9C6738004E8E39 /* Components */,
			);
			path = "Social Posts";
			sourceTree = "<group>";
		};
		000E57C12A89654D00BA2B1D /* SocialProfileView */ = {
			isa = PBXGroup;
			children = (
				000E57C22A89657500BA2B1D /* SocialProfileView.swift */,
				005CDDD02A8F67D300CE9A1F /* Components */,
			);
			path = SocialProfileView;
			sourceTree = "<group>";
		};
		002BDCE32B50C54C00AAABDA /* SocialProfileSettingsView */ = {
			isa = PBXGroup;
			children = (
				002BDCE12B50C54800AAABDA /* SocialProfileSettingsView.swift */,
				002BDCE42B50C56200AAABDA /* Components */,
			);
			path = SocialProfileSettingsView;
			sourceTree = "<group>";
		};
		002BDCE42B50C56200AAABDA /* Components */ = {
			isa = PBXGroup;
			children = (
			);
			path = Components;
			sourceTree = "<group>";
		};
		003661F32A56374E009FCEA8 = {
			isa = PBXGroup;
			children = (
				00A8139E2A7B36AB00596620 /* README.md */,
				003661FE2A56374E009FCEA8 /* Physical */,
				003661FD2A56374E009FCEA8 /* Products */,
			);
			sourceTree = "<group>";
		};
		003661FD2A56374E009FCEA8 /* Products */ = {
			isa = PBXGroup;
			children = (
				003661FC2A56374E009FCEA8 /* Physical.app */,
			);
			name = Products;
			sourceTree = "<group>";
		};
		003661FE2A56374E009FCEA8 /* Physical */ = {
			isa = PBXGroup;
			children = (
				006405A32AD9240800275213 /* Physical.entitlements */,
				003661FF2A56374E009FCEA8 /* PhysicalApp.swift */,
				00BBEECD2A7C55880078F0B1 /* Network */,
				0088FEC82A5A09F700FEAF8B /* Models */,
				0088FEC92A5A0A0600FEAF8B /* Views */,
				007C0FC32A8D360C00AD9C2D /* Support */,
				003662032A563754009FCEA8 /* Assets.xcassets */,
				00EA18712DF8E5BD00CB2E78 /* Physical App Icon.icon */,
				003662052A563754009FCEA8 /* Preview Content */,
			);
			path = Physical;
			sourceTree = "<group>";
		};
		003662052A563754009FCEA8 /* Preview Content */ = {
			isa = PBXGroup;
			children = (
				003662062A563754009FCEA8 /* Preview Assets.xcassets */,
			);
			path = "Preview Content";
			sourceTree = "<group>";
		};
		005390BD2AED4BB900E686BB /* RootView */ = {
			isa = PBXGroup;
			children = (
				0004E6A12A981FFE00D671C8 /* RootView.swift */,
			);
			path = RootView;
			sourceTree = "<group>";
		};
		005CDDD02A8F67D300CE9A1F /* Components */ = {
			isa = PBXGroup;
			children = (
				0004E69B2A98178400D671C8 /* SocialProfileCollectionView.swift */,
				0004E6A32A9833C600D671C8 /* SocialProfilePostsView.swift */,
				005CDDD12A8F67EF00CE9A1F /* FeaturedMediaView.swift */,
				0004E69D2A9817F700D671C8 /* CollectionSection.swift */,
			);
			path = Components;
			sourceTree = "<group>";
		};
		005F4AEE2A9C6738004E8E39 /* Components */ = {
			isa = PBXGroup;
			children = (
				0004E6AC2A9BE41000D671C8 /* CompactMediaView.swift */,
				005F4AEF2A9C6784004E8E39 /* SocialPostBottomBar.swift */,
			);
			path = Components;
			sourceTree = "<group>";
		};
		00656F742A7D7E8900C44176 /* MediaImageCarousel */ = {
			isa = PBXGroup;
			children = (
				00F810702A66779800D0EAEA /* MediaImageCarousel.swift */,
				00656F752A7D7E9F00C44176 /* Components */,
			);
			path = MediaImageCarousel;
			sourceTree = "<group>";
		};
		00656F752A7D7E9F00C44176 /* Components */ = {
			isa = PBXGroup;
			children = (
				00CFE3B52A65E208004BE57E /* MediaImageView.swift */,
			);
			path = Components;
			sourceTree = "<group>";
		};
		0069F29B2AE0BA950084147E /* AuthenticationManager */ = {
			isa = PBXGroup;
			children = (
				0069F29D2AE0BAE30084147E /* AuthenticationManager.swift */,
				0069F29C2AE0BABB0084147E /* Support */,
			);
			path = AuthenticationManager;
			sourceTree = "<group>";
		};
		0069F29C2AE0BABB0084147E /* Support */ = {
			isa = PBXGroup;
			children = (
				00388C262AE84DA300526910 /* KeychainError.swift */,
				00388C242AE4E25D00526910 /* AuthenticationError.swift */,
				0069F29F2AE131820084147E /* AuthenticationRequest.swift */,
				00388C282AEA1B6700526910 /* Credentials.swift */,
			);
			path = Support;
			sourceTree = "<group>";
		};
		00718B712AFC363C0063F161 /* Onboarding */ = {
			isa = PBXGroup;
			children = (
				00316A782ABAB7F200F2B83D /* OnboardingSheet.swift */,
				00718B722AFC36B00063F161 /* OnboardingSignUpView.swift */,
				00DBFDB22AD9ECBB00ABF8C2 /* NoAccountView.swift */,
			);
			path = Onboarding;
			sourceTree = "<group>";
		};
		00783FC62B3430AC00E4AE45 /* UserAccountManager */ = {
			isa = PBXGroup;
			children = (
				00783FC72B3430BF00E4AE45 /* UserAccountManager.swift */,
				00783FCB2B34336C00E4AE45 /* Support */,
			);
			path = UserAccountManager;
			sourceTree = "<group>";
		};
		00783FCB2B34336C00E4AE45 /* Support */ = {
			isa = PBXGroup;
			children = (
				00783FCC2B34338A00E4AE45 /* UserAccountRequest.swift */,
				00783FCE2B34362F00E4AE45 /* UserAccountError.swift */,
				0035804B2B47F03100163284 /* UsernameResponse.swift */,
			);
			path = Support;
			sourceTree = "<group>";
		};
		007C0FC32A8D360C00AD9C2D /* Support */ = {
			isa = PBXGroup;
			children = (
				006EAB582D4ECD80005036DF /* Gradient.swift */,
				007C0FC42A8D363600AD9C2D /* SampleCollection.swift */,
				007C0FC62A8D399A00AD9C2D /* PreviewSampleData.swift */,
				0004E69F2A981F8700D671C8 /* ScreenSize.swift */,
				00DBFDAC2AD9E6BC00ABF8C2 /* StorageKeys.swift */,
			);
			path = Support;
			sourceTree = "<group>";
		};
		0088FEC82A5A09F700FEAF8B /* Models */ = {
			isa = PBXGroup;
			children = (
				0088FEC62A5A09BC00FEAF8B /* Media.swift */,
				00316A752ABAB4F200F2B83D /* User.swift */,
				00F5FBB92A69156C00FCAA61 /* Motion.swift */,
				008B647F2A6A165F00586C69 /* MusicGenres.swift */,
			);
			path = Models;
			sourceTree = "<group>";
		};
		0088FEC92A5A0A0600FEAF8B /* Views */ = {
			isa = PBXGroup;
			children = (
				00718B712AFC363C0063F161 /* Onboarding */,
				005390BD2AED4BB900E686BB /* RootView */,
				00968EF02B2EB05A00CE0150 /* Social */,
				00F8107E2A669C3F00D0EAEA /* MediaCollectionView */,
				00F5FBB52A6910D500FCAA61 /* MediaDetailView */,
				00EE2D672B2D642D006D7DA9 /* Media Entry */,
				00656F742A7D7E8900C44176 /* MediaImageCarousel */,
				009A57C72A60905B000EF6F8 /* Common */,
			);
			path = Views;
			sourceTree = "<group>";
		};
		00968EF02B2EB05A00CE0150 /* Social */ = {
			isa = PBXGroup;
			children = (
				00DBFDAE2AD9EB0000ABF8C2 /* SocialView */,
				000E57C12A89654D00BA2B1D /* SocialProfileView */,
				002BDCE32B50C54C00AAABDA /* SocialProfileSettingsView */,
				0004E6A92A99F1BA00D671C8 /* Social Posts */,
			);
			path = Social;
			sourceTree = "<group>";
		};
		009A57C72A60905B000EF6F8 /* Common */ = {
			isa = PBXGroup;
			children = (
				0004E6A82A99F04700D671C8 /* View Modifiers */,
				00718B742AFC5BCC0063F161 /* UserInputRequiredView.swift */,
				0027ECDA2A5B99C2001090E4 /* DataEntry.swift */,
				00F810852A669DD700D0EAEA /* MediaThumbnail.swift */,
				009794572D9C8FB700839146 /* testView.swift */,
				003BC1DA2A6F455900E16A9F /* HapticsViewExtension.swift */,
				00968EEE2B2E646B00CE0150 /* AlbumArtView.swift */,
				009A57CA2A609BB6000EF6F8 /* ListItemLabel.swift */,
			);
			path = Common;
			sourceTree = "<group>";
		};
		00BBEECD2A7C55880078F0B1 /* Network */ = {
			isa = PBXGroup;
			children = (
				004A96FF2B58D8B70033BF69 /* PhysicalAPI.swift */,
				00BBEED02A7C56180078F0B1 /* NetworkError.swift */,
				00BBEED22A7C61E10078F0B1 /* HTTPSRequest.swift */,
				00BBEECE2A7C55950078F0B1 /* ImageManager */,
				0069F29B2AE0BA950084147E /* AuthenticationManager */,
				00783FC62B3430AC00E4AE45 /* UserAccountManager */,
			);
			path = Network;
			sourceTree = "<group>";
		};
		00BBEECE2A7C55950078F0B1 /* ImageManager */ = {
			isa = PBXGroup;
			children = (
				00A8139C2A7B2E8E00596620 /* ImageManager.swift */,
				00BBEECF2A7C55A90078F0B1 /* Support */,
			);
			path = ImageManager;
			sourceTree = "<group>";
		};
		00BBEECF2A7C55A90078F0B1 /* Support */ = {
			isa = PBXGroup;
			children = (
				00A813992A7B1BA300596620 /* ImageCache.swift */,
				003DB82E2A7B4E2B004192C2 /* ImageRequest.swift */,
			);
			path = Support;
			sourceTree = "<group>";
		};
		00DBFDAE2AD9EB0000ABF8C2 /* SocialView */ = {
			isa = PBXGroup;
			children = (
				00DBFDB02AD9EB2400ABF8C2 /* SocialView.swift */,
				00DBFDAF2AD9EB0D00ABF8C2 /* Components */,
			);
			path = SocialView;
			sourceTree = "<group>";
		};
		00DBFDAF2AD9EB0D00ABF8C2 /* Components */ = {
			isa = PBXGroup;
			children = (
			);
			path = Components;
			sourceTree = "<group>";
		};
		00E4D2DC2D9F7F8A000E89F5 /* Components */ = {
			isa = PBXGroup;
			children = (
				00E4D2DD2DA0DDC3000E89F5 /* AlbumArtBackgroundView.swift */,
			);
			path = Components;
			sourceTree = "<group>";
		};
		00EE2D5A2B2C030D006D7DA9 /* BarcodeScanAlbumSearchView */ = {
			isa = PBXGroup;
			children = (
				00EE2D652B2C3F1D006D7DA9 /* BarcodeScanAlbumSearchView.swift */,
				00EE2D5C2B2C0342006D7DA9 /* Components */,
			);
			path = BarcodeScanAlbumSearchView;
			sourceTree = "<group>";
		};
		00EE2D5C2B2C0342006D7DA9 /* Components */ = {
			isa = PBXGroup;
			children = (
				00EE2D5D2B2C0377006D7DA9 /* BarcodeScanningView.swift */,
				00EE2D5F2B2C03F9006D7DA9 /* BarcodeScanningViewController.swift */,
				00EE2D612B2C20D3006D7DA9 /* BarcodeSearchResultView.swift */,
			);
			path = Components;
			sourceTree = "<group>";
		};
		00EE2D672B2D642D006D7DA9 /* Media Entry */ = {
			isa = PBXGroup;
			children = (
				00F8107A2A669B9200D0EAEA /* AddMediaView */,
				00F8107C2A669BBF00D0EAEA /* MediaDetailsEntryView */,
				00EE2D5A2B2C030D006D7DA9 /* BarcodeScanAlbumSearchView */,
			);
			path = "Media Entry";
			sourceTree = "<group>";
		};
		00F5FBB52A6910D500FCAA61 /* MediaDetailView */ = {
			isa = PBXGroup;
			children = (
				00F5FBB72A69110600FCAA61 /* MediaDetailView.swift */,
				00E4D2DC2D9F7F8A000E89F5 /* Components */,
			);
			path = MediaDetailView;
			sourceTree = "<group>";
		};
		00F8107A2A669B9200D0EAEA /* AddMediaView */ = {
			isa = PBXGroup;
			children = (
				009A57C82A609346000EF6F8 /* AddMediaView.swift */,
				00F8107B2A669BA300D0EAEA /* Components */,
			);
			path = AddMediaView;
			sourceTree = "<group>";
		};
		00F8107B2A669BA300D0EAEA /* Components */ = {
			isa = PBXGroup;
			children = (
				00CFE3B32A6531BB004BE57E /* SearchResultListItem.swift */,
				00E4D2DA2D9DD436000E89F5 /* MediaAddedNotificationView.swift */,
			);
			path = Components;
			sourceTree = "<group>";
		};
		00F8107C2A669BBF00D0EAEA /* MediaDetailsEntryView */ = {
			isa = PBXGroup;
			children = (
				0027ECD82A5B98E3001090E4 /* MediaDetailsEntryView.swift */,
				00F8107D2A669BD000D0EAEA /* Components */,
			);
			path = MediaDetailsEntryView;
			sourceTree = "<group>";
		};
		00F8107D2A669BD000D0EAEA /* Components */ = {
			isa = PBXGroup;
			children = (
				00932C492A6E6543004AFE1D /* CroppedImagePicker.swift */,
				00DEC2682A613F3800353643 /* ImagePicker.swift */,
				008B64812A6A1E8A00586C69 /* GenreSelectionView.swift */,
				009C013F2A6A437E0039CEA2 /* MediaNotesEntryView.swift */,
				00F1F10D2A8056850045C76B /* OwnershipPicker.swift */,
			);
			path = Components;
			sourceTree = "<group>";
		};
		00F8107E2A669C3F00D0EAEA /* MediaCollectionView */ = {
			isa = PBXGroup;
			children = (
				003662012A56374E009FCEA8 /* MediaCollectionView.swift */,
				00F8107F2A669C4D00D0EAEA /* Components */,
			);
			path = MediaCollectionView;
			sourceTree = "<group>";
		};
		00F8107F2A669C4D00D0EAEA /* Components */ = {
			isa = PBXGroup;
			children = (
				00C57DB62A6C88A7000DDBD3 /* Collection.swift */,
			);
			path = Components;
			sourceTree = "<group>";
		};
/* End PBXGroup section */

/* Begin PBXNativeTarget section */
		003661FB2A56374E009FCEA8 /* Physical */ = {
			isa = PBXNativeTarget;
			buildConfigurationList = 0036620A2A563754009FCEA8 /* Build configuration list for PBXNativeTarget "Physical" */;
			buildPhases = (
				003661F82A56374E009FCEA8 /* Sources */,
				003661F92A56374E009FCEA8 /* Frameworks */,
				003661FA2A56374E009FCEA8 /* Resources */,
			);
			buildRules = (
			);
			dependencies = (
			);
			name = Physical;
			productName = Vinyls;
			productReference = 003661FC2A56374E009FCEA8 /* Physical.app */;
			productType = "com.apple.product-type.application";
		};
/* End PBXNativeTarget section */

/* Begin PBXProject section */
		003661F42A56374E009FCEA8 /* Project object */ = {
			isa = PBXProject;
			attributes = {
				BuildIndependentTargetsInParallel = 1;
				LastSwiftUpdateCheck = 1500;
				LastUpgradeCheck = 1500;
				TargetAttributes = {
					003661FB2A56374E009FCEA8 = {
						CreatedOnToolsVersion = 15.0;
					};
				};
			};
			buildConfigurationList = 003661F72A56374E009FCEA8 /* Build configuration list for PBXProject "Physical" */;
			compatibilityVersion = "Xcode 14.0";
			developmentRegion = en;
			hasScannedForEncodings = 0;
			knownRegions = (
				en,
				Base,
			);
			mainGroup = 003661F32A56374E009FCEA8;
			packageReferences = (
			);
			productRefGroup = 003661FD2A56374E009FCEA8 /* Products */;
			projectDirPath = "";
			projectRoot = "";
			targets = (
				003661FB2A56374E009FCEA8 /* Physical */,
			);
		};
/* End PBXProject section */

/* Begin PBXResourcesBuildPhase section */
		003661FA2A56374E009FCEA8 /* Resources */ = {
			isa = PBXResourcesBuildPhase;
			buildActionMask = 2147483647;
			files = (
				00EA18722DF8E5BD00CB2E78 /* Physical App Icon.icon in Resources */,
				00A8139F2A7B36AB00596620 /* README.md in Resources */,
				003662072A563754009FCEA8 /* Preview Assets.xcassets in Resources */,
				003662042A563754009FCEA8 /* Assets.xcassets in Resources */,
			);
			runOnlyForDeploymentPostprocessing = 0;
		};
/* End PBXResourcesBuildPhase section */

/* Begin PBXSourcesBuildPhase section */
		003661F82A56374E009FCEA8 /* Sources */ = {
			isa = PBXSourcesBuildPhase;
			buildActionMask = 2147483647;
			files = (
				003BC1DB2A6F455900E16A9F /* HapticsViewExtension.swift in Sources */,
				009A57C92A609346000EF6F8 /* AddMediaView.swift in Sources */,
				0069F29E2AE0BAE30084147E /* AuthenticationManager.swift in Sources */,
				00F810862A669DD700D0EAEA /* MediaThumbnail.swift in Sources */,
				00316A792ABAB7F200F2B83D /* OnboardingSheet.swift in Sources */,
				00DBFDB32AD9ECBB00ABF8C2 /* NoAccountView.swift in Sources */,
				0027ECDB2A5B99C2001090E4 /* DataEntry.swift in Sources */,
				0004E6A42A9833C600D671C8 /* SocialProfilePostsView.swift in Sources */,
				00E4D2DB2D9DD436000E89F5 /* MediaAddedNotificationView.swift in Sources */,
				00F5FBB82A69110600FCAA61 /* MediaDetailView.swift in Sources */,
				00F1F10E2A8056850045C76B /* OwnershipPicker.swift in Sources */,
				0004E6A22A981FFE00D671C8 /* RootView.swift in Sources */,
				008B64822A6A1E8A00586C69 /* GenreSelectionView.swift in Sources */,
				003662022A56374E009FCEA8 /* MediaCollectionView.swift in Sources */,
				0027ECD92A5B98E3001090E4 /* MediaDetailsEntryView.swift in Sources */,
				00968EEF2B2E646B00CE0150 /* AlbumArtView.swift in Sources */,
				009A57CB2A609BB6000EF6F8 /* ListItemLabel.swift in Sources */,
				006EAB572D4ECD41005036DF /* ShinyViewExtension.swift in Sources */,
				00388C272AE84DA300526910 /* KeychainError.swift in Sources */,
				0004E6AD2A9BE41000D671C8 /* CompactMediaView.swift in Sources */,
				00BBEED32A7C61E10078F0B1 /* HTTPSRequest.swift in Sources */,
				00A8139D2A7B2E8E00596620 /* ImageManager.swift in Sources */,
				00DEC2692A613F3800353643 /* ImagePicker.swift in Sources */,
				00CFE3B82A65E261004BE57E /* ReflectionViewModifier.swift in Sources */,
				008B64802A6A165F00586C69 /* MusicGenres.swift in Sources */,
				005CDDD22A8F67EF00CE9A1F /* FeaturedMediaView.swift in Sources */,
				0004E6A02A981F8700D671C8 /* ScreenSize.swift in Sources */,
				002BDCE22B50C54800AAABDA /* SocialProfileSettingsView.swift in Sources */,
				00EE2D5E2B2C0377006D7DA9 /* BarcodeScanningView.swift in Sources */,
				00EE2D622B2C20D4006D7DA9 /* BarcodeSearchResultView.swift in Sources */,
				009794582D9C8FB700839146 /* testView.swift in Sources */,
				00DBFDAD2AD9E6BC00ABF8C2 /* StorageKeys.swift in Sources */,
				007C0FB82A8C1BA700AD9C2D /* VariableBlurImageBackgroundViewModifier.swift in Sources */,
				00CFE3B42A6531BB004BE57E /* SearchResultListItem.swift in Sources */,
				00C57DB72A6C88A7000DDBD3 /* Collection.swift in Sources */,
				003662002A56374E009FCEA8 /* PhysicalApp.swift in Sources */,
				00A8139A2A7B1BA300596620 /* ImageCache.swift in Sources */,
				005F4AF02A9C6784004E8E39 /* SocialPostBottomBar.swift in Sources */,
				007C0FC72A8D399A00AD9C2D /* PreviewSampleData.swift in Sources */,
				00EE2D662B2C3F1D006D7DA9 /* BarcodeScanAlbumSearchView.swift in Sources */,
				00F5FBBC2A691DA000FCAA61 /* FloatingViewModifier.swift in Sources */,
				004A97002B58D8B70033BF69 /* PhysicalAPI.swift in Sources */,
				00718B752AFC5BCC0063F161 /* UserInputRequiredView.swift in Sources */,
				007C0FBC2A8C41B400AD9C2D /* VariableBlurNavigationBackgroundViewModifier.swift in Sources */,
				00783FCF2B34362F00E4AE45 /* UserAccountError.swift in Sources */,
				009C01402A6A437E0039CEA2 /* MediaNotesEntryView.swift in Sources */,
				003DB82F2A7B4E2B004192C2 /* ImageRequest.swift in Sources */,
				0004E69E2A9817F700D671C8 /* CollectionSection.swift in Sources */,
				00316A762ABAB4F200F2B83D /* User.swift in Sources */,
				00388C252AE4E25D00526910 /* AuthenticationError.swift in Sources */,
				00783FCD2B34338A00E4AE45 /* UserAccountRequest.swift in Sources */,
				00718B732AFC36B00063F161 /* OnboardingSignUpView.swift in Sources */,
				00E4D2DE2DA0DDC3000E89F5 /* AlbumArtBackgroundView.swift in Sources */,
				00932C4A2A6E6543004AFE1D /* CroppedImagePicker.swift in Sources */,
				00DBFDB12AD9EB2400ABF8C2 /* SocialView.swift in Sources */,
				006EAB592D4ECD82005036DF /* Gradient.swift in Sources */,
				00783FC82B3430BF00E4AE45 /* UserAccountManager.swift in Sources */,
				0069F2A02AE131820084147E /* AuthenticationRequest.swift in Sources */,
				000E57C32A89657500BA2B1D /* SocialProfileView.swift in Sources */,
				00EE2D602B2C03F9006D7DA9 /* BarcodeScanningViewController.swift in Sources */,
				0035804C2B47F03100163284 /* UsernameResponse.swift in Sources */,
				0088FEC72A5A09BC00FEAF8B /* Media.swift in Sources */,
				0058BF592A9DD8BF002696A0 /* SocialListPostView.swift in Sources */,
				0004E69C2A98178400D671C8 /* SocialProfileCollectionView.swift in Sources */,
				00CFE3B62A65E208004BE57E /* MediaImageView.swift in Sources */,
				00388C292AEA1B6700526910 /* Credentials.swift in Sources */,
				0004E6A72A99EF0E00D671C8 /* SocialSimplePostView.swift in Sources */,
				00BBEED12A7C56180078F0B1 /* NetworkError.swift in Sources */,
				00F810712A66779800D0EAEA /* MediaImageCarousel.swift in Sources */,
				00F5FBBA2A69156C00FCAA61 /* Motion.swift in Sources */,
				007C0FC52A8D363600AD9C2D /* SampleCollection.swift in Sources */,
			);
			runOnlyForDeploymentPostprocessing = 0;
		};
/* End PBXSourcesBuildPhase section */

/* Begin XCBuildConfiguration section */
		003662082A563754009FCEA8 /* Debug */ = {
			isa = XCBuildConfiguration;
			buildSettings = {
				ALWAYS_SEARCH_USER_PATHS = NO;
				ASSETCATALOG_COMPILER_GENERATE_SWIFT_ASSET_SYMBOL_EXTENSIONS = YES;
				CLANG_ANALYZER_NONNULL = YES;
				CLANG_ANALYZER_NUMBER_OBJECT_CONVERSION = YES_AGGRESSIVE;
				CLANG_CXX_LANGUAGE_STANDARD = "gnu++20";
				CLANG_ENABLE_MODULES = YES;
				CLANG_ENABLE_OBJC_ARC = YES;
				CLANG_ENABLE_OBJC_WEAK = YES;
				CLANG_WARN_BLOCK_CAPTURE_AUTORELEASING = YES;
				CLANG_WARN_BOOL_CONVERSION = YES;
				CLANG_WARN_COMMA = YES;
				CLANG_WARN_CONSTANT_CONVERSION = YES;
				CLANG_WARN_DEPRECATED_OBJC_IMPLEMENTATIONS = YES;
				CLANG_WARN_DIRECT_OBJC_ISA_USAGE = YES_ERROR;
				CLANG_WARN_DOCUMENTATION_COMMENTS = YES;
				CLANG_WARN_EMPTY_BODY = YES;
				CLANG_WARN_ENUM_CONVERSION = YES;
				CLANG_WARN_INFINITE_RECURSION = YES;
				CLANG_WARN_INT_CONVERSION = YES;
				CLANG_WARN_NON_LITERAL_NULL_CONVERSION = YES;
				CLANG_WARN_OBJC_IMPLICIT_RETAIN_SELF = YES;
				CLANG_WARN_OBJC_LITERAL_CONVERSION = YES;
				CLANG_WARN_OBJC_ROOT_CLASS = YES_ERROR;
				CLANG_WARN_QUOTED_INCLUDE_IN_FRAMEWORK_HEADER = YES;
				CLANG_WARN_RANGE_LOOP_ANALYSIS = YES;
				CLANG_WARN_STRICT_PROTOTYPES = YES;
				CLANG_WARN_SUSPICIOUS_MOVE = YES;
				CLANG_WARN_UNGUARDED_AVAILABILITY = YES_AGGRESSIVE;
				CLANG_WARN_UNREACHABLE_CODE = YES;
				CLANG_WARN__DUPLICATE_METHOD_MATCH = YES;
				COPY_PHASE_STRIP = NO;
				DEBUG_INFORMATION_FORMAT = dwarf;
				ENABLE_STRICT_OBJC_MSGSEND = YES;
				ENABLE_TESTABILITY = YES;
				ENABLE_USER_SCRIPT_SANDBOXING = YES;
				GCC_C_LANGUAGE_STANDARD = gnu17;
				GCC_DYNAMIC_NO_PIC = NO;
				GCC_NO_COMMON_BLOCKS = YES;
				GCC_OPTIMIZATION_LEVEL = 0;
				GCC_PREPROCESSOR_DEFINITIONS = (
					"DEBUG=1",
					"$(inherited)",
				);
				GCC_WARN_64_TO_32_BIT_CONVERSION = YES;
				GCC_WARN_ABOUT_RETURN_TYPE = YES_ERROR;
				GCC_WARN_UNDECLARED_SELECTOR = YES;
				GCC_WARN_UNINITIALIZED_AUTOS = YES_AGGRESSIVE;
				GCC_WARN_UNUSED_FUNCTION = YES;
				GCC_WARN_UNUSED_VARIABLE = YES;
				IPHONEOS_DEPLOYMENT_TARGET = 17.0;
				LOCALIZATION_PREFERS_STRING_CATALOGS = YES;
				MTL_ENABLE_DEBUG_INFO = INCLUDE_SOURCE;
				MTL_FAST_MATH = YES;
				ONLY_ACTIVE_ARCH = YES;
				SDKROOT = iphoneos;
				SWIFT_ACTIVE_COMPILATION_CONDITIONS = "DEBUG $(inherited)";
				SWIFT_OPTIMIZATION_LEVEL = "-Onone";
			};
			name = Debug;
		};
		003662092A563754009FCEA8 /* Release */ = {
			isa = XCBuildConfiguration;
			buildSettings = {
				ALWAYS_SEARCH_USER_PATHS = NO;
				ASSETCATALOG_COMPILER_GENERATE_SWIFT_ASSET_SYMBOL_EXTENSIONS = YES;
				CLANG_ANALYZER_NONNULL = YES;
				CLANG_ANALYZER_NUMBER_OBJECT_CONVERSION = YES_AGGRESSIVE;
				CLANG_CXX_LANGUAGE_STANDARD = "gnu++20";
				CLANG_ENABLE_MODULES = YES;
				CLANG_ENABLE_OBJC_ARC = YES;
				CLANG_ENABLE_OBJC_WEAK = YES;
				CLANG_WARN_BLOCK_CAPTURE_AUTORELEASING = YES;
				CLANG_WARN_BOOL_CONVERSION = YES;
				CLANG_WARN_COMMA = YES;
				CLANG_WARN_CONSTANT_CONVERSION = YES;
				CLANG_WARN_DEPRECATED_OBJC_IMPLEMENTATIONS = YES;
				CLANG_WARN_DIRECT_OBJC_ISA_USAGE = YES_ERROR;
				CLANG_WARN_DOCUMENTATION_COMMENTS = YES;
				CLANG_WARN_EMPTY_BODY = YES;
				CLANG_WARN_ENUM_CONVERSION = YES;
				CLANG_WARN_INFINITE_RECURSION = YES;
				CLANG_WARN_INT_CONVERSION = YES;
				CLANG_WARN_NON_LITERAL_NULL_CONVERSION = YES;
				CLANG_WARN_OBJC_IMPLICIT_RETAIN_SELF = YES;
				CLANG_WARN_OBJC_LITERAL_CONVERSION = YES;
				CLANG_WARN_OBJC_ROOT_CLASS = YES_ERROR;
				CLANG_WARN_QUOTED_INCLUDE_IN_FRAMEWORK_HEADER = YES;
				CLANG_WARN_RANGE_LOOP_ANALYSIS = YES;
				CLANG_WARN_STRICT_PROTOTYPES = YES;
				CLANG_WARN_SUSPICIOUS_MOVE = YES;
				CLANG_WARN_UNGUARDED_AVAILABILITY = YES_AGGRESSIVE;
				CLANG_WARN_UNREACHABLE_CODE = YES;
				CLANG_WARN__DUPLICATE_METHOD_MATCH = YES;
				COPY_PHASE_STRIP = NO;
				DEBUG_INFORMATION_FORMAT = "dwarf-with-dsym";
				ENABLE_NS_ASSERTIONS = NO;
				ENABLE_STRICT_OBJC_MSGSEND = YES;
				ENABLE_USER_SCRIPT_SANDBOXING = YES;
				GCC_C_LANGUAGE_STANDARD = gnu17;
				GCC_NO_COMMON_BLOCKS = YES;
				GCC_WARN_64_TO_32_BIT_CONVERSION = YES;
				GCC_WARN_ABOUT_RETURN_TYPE = YES_ERROR;
				GCC_WARN_UNDECLARED_SELECTOR = YES;
				GCC_WARN_UNINITIALIZED_AUTOS = YES_AGGRESSIVE;
				GCC_WARN_UNUSED_FUNCTION = YES;
				GCC_WARN_UNUSED_VARIABLE = YES;
				IPHONEOS_DEPLOYMENT_TARGET = 17.0;
				LOCALIZATION_PREFERS_STRING_CATALOGS = YES;
				MTL_ENABLE_DEBUG_INFO = NO;
				MTL_FAST_MATH = YES;
				SDKROOT = iphoneos;
				SWIFT_COMPILATION_MODE = wholemodule;
				VALIDATE_PRODUCT = YES;
			};
			name = Release;
		};
		0036620B2A563754009FCEA8 /* Debug */ = {
			isa = XCBuildConfiguration;
			buildSettings = {
				ASSETCATALOG_COMPILER_APPICON_NAME = "Physical App Icon";
				ASSETCATALOG_COMPILER_GLOBAL_ACCENT_COLOR_NAME = AccentColor;
				CODE_SIGN_ENTITLEMENTS = Physical/Physical.entitlements;
				CODE_SIGN_IDENTITY = "Apple Development";
				CODE_SIGN_STYLE = Automatic;
				CURRENT_PROJECT_VERSION = 1;
				DEVELOPMENT_ASSET_PATHS = "\"Physical/Preview Content\"";
				DEVELOPMENT_TEAM = 4M48D4QJHN;
				ENABLE_PREVIEWS = YES;
				GENERATE_INFOPLIST_FILE = YES;
				INFOPLIST_FILE = Physical/Info.plist;
				INFOPLIST_KEY_CFBundleDisplayName = Physical;
				INFOPLIST_KEY_NSAppleMusicUsageDescription = "Physical uses Apple Music to automatically populate information about new additions to your collection.";
				INFOPLIST_KEY_NSCameraUsageDescription = "Physical uses your camera to scan barcodes and take photos of items in your collection.";
				INFOPLIST_KEY_UIApplicationSceneManifest_Generation = YES;
				INFOPLIST_KEY_UIApplicationSupportsIndirectInputEvents = YES;
				INFOPLIST_KEY_UILaunchScreen_Generation = YES;
				INFOPLIST_KEY_UISupportedInterfaceOrientations = UIInterfaceOrientationPortrait;
				INFOPLIST_KEY_UISupportedInterfaceOrientations_iPad = "UIInterfaceOrientationLandscapeLeft UIInterfaceOrientationLandscapeRight UIInterfaceOrientationPortrait UIInterfaceOrientationPortraitUpsideDown";
				IPHONEOS_DEPLOYMENT_TARGET = 18.0;
				LD_RUNPATH_SEARCH_PATHS = (
					"$(inherited)",
					"@executable_path/Frameworks",
				);
				MARKETING_VERSION = 1.0;
				PRODUCT_BUNDLE_IDENTIFIER = com.spencerhartland.Physical;
				PRODUCT_NAME = "$(TARGET_NAME)";
				PROVISIONING_PROFILE_SPECIFIER = "";
				SUPPORTED_PLATFORMS = "iphoneos iphonesimulator";
				SUPPORTS_MACCATALYST = NO;
				SUPPORTS_MAC_DESIGNED_FOR_IPHONE_IPAD = NO;
				SUPPORTS_XR_DESIGNED_FOR_IPHONE_IPAD = NO;
				SWIFT_EMIT_LOC_STRINGS = YES;
				SWIFT_VERSION = 5.0;
				TARGETED_DEVICE_FAMILY = 1;
			};
			name = Debug;
		};
		0036620C2A563754009FCEA8 /* Release */ = {
			isa = XCBuildConfiguration;
			buildSettings = {
				ASSETCATALOG_COMPILER_APPICON_NAME = "Physical App Icon";
				ASSETCATALOG_COMPILER_GLOBAL_ACCENT_COLOR_NAME = AccentColor;
				CODE_SIGN_ENTITLEMENTS = Physical/Physical.entitlements;
				CODE_SIGN_IDENTITY = "Apple Development";
				CODE_SIGN_STYLE = Automatic;
				CURRENT_PROJECT_VERSION = 1;
				DEVELOPMENT_ASSET_PATHS = "\"Physical/Preview Content\"";
				DEVELOPMENT_TEAM = 4M48D4QJHN;
				ENABLE_PREVIEWS = YES;
				GENERATE_INFOPLIST_FILE = YES;
				INFOPLIST_FILE = Physical/Info.plist;
				INFOPLIST_KEY_CFBundleDisplayName = Physical;
				INFOPLIST_KEY_NSAppleMusicUsageDescription = "Physical uses Apple Music to automatically populate information about new additions to your collection.";
				INFOPLIST_KEY_NSCameraUsageDescription = "Physical uses your camera to scan barcodes and take photos of items in your collection.";
				INFOPLIST_KEY_UIApplicationSceneManifest_Generation = YES;
				INFOPLIST_KEY_UIApplicationSupportsIndirectInputEvents = YES;
				INFOPLIST_KEY_UILaunchScreen_Generation = YES;
				INFOPLIST_KEY_UISupportedInterfaceOrientations = UIInterfaceOrientationPortrait;
				INFOPLIST_KEY_UISupportedInterfaceOrientations_iPad = "UIInterfaceOrientationLandscapeLeft UIInterfaceOrientationLandscapeRight UIInterfaceOrientationPortrait UIInterfaceOrientationPortraitUpsideDown";
				IPHONEOS_DEPLOYMENT_TARGET = 18.0;
				LD_RUNPATH_SEARCH_PATHS = (
					"$(inherited)",
					"@executable_path/Frameworks",
				);
				MARKETING_VERSION = 1.0;
				PRODUCT_BUNDLE_IDENTIFIER = com.spencerhartland.Physical;
				PRODUCT_NAME = "$(TARGET_NAME)";
				PROVISIONING_PROFILE_SPECIFIER = "";
				SUPPORTED_PLATFORMS = "iphoneos iphonesimulator";
				SUPPORTS_MACCATALYST = NO;
				SUPPORTS_MAC_DESIGNED_FOR_IPHONE_IPAD = NO;
				SUPPORTS_XR_DESIGNED_FOR_IPHONE_IPAD = NO;
				SWIFT_EMIT_LOC_STRINGS = YES;
				SWIFT_VERSION = 5.0;
				TARGETED_DEVICE_FAMILY = 1;
			};
			name = Release;
		};
/* End XCBuildConfiguration section */

/* Begin XCConfigurationList section */
		003661F72A56374E009FCEA8 /* Build configuration list for PBXProject "Physical" */ = {
			isa = XCConfigurationList;
			buildConfigurations = (
				003662082A563754009FCEA8 /* Debug */,
				003662092A563754009FCEA8 /* Release */,
			);
			defaultConfigurationIsVisible = 0;
			defaultConfigurationName = Release;
		};
		0036620A2A563754009FCEA8 /* Build configuration list for PBXNativeTarget "Physical" */ = {
			isa = XCConfigurationList;
			buildConfigurations = (
				0036620B2A563754009FCEA8 /* Debug */,
				0036620C2A563754009FCEA8 /* Release */,
			);
			defaultConfigurationIsVisible = 0;
			defaultConfigurationName = Release;
		};
/* End XCConfigurationList section */
	};
	rootObject = 003661F42A56374E009FCEA8 /* Project object */;
}
